
Microsoft Visual Studio Solution File, Format Version 12.00
# Visual Studio 15
VisualStudioVersion = 15.0.27428.2037
MinimumVisualStudioVersion = 10.0.40219.1
Project("{FAE04EC0-301F-11D3-BF4B-00C04F79EFBC}") = "WebSearcher", "WebSearcher\WebSearcher.csproj", "{211DDDBC-226F-437D-9476-A46B059AB433}"
EndProject
Global
	GlobalSection(SolutionConfigurationPlatforms) = preSolution
		Debug|Any CPU = Debug|Any CPU
		Release|Any CPU = Release|Any CPU
	EndGlobalSection
	GlobalSection(ProjectConfigurationPlatforms) = postSolution
		{211DDDBC-226F-437D-9476-A46B059AB433}.Debug|Any CPU.ActiveCfg = Debug|Any CPU
		{211DDDBC-226F-437D-9476-A46B059AB433}.Debug|Any CPU.Build.0 = Debug|Any CPU
		{211DDDBC-226F-437D-9476-A46B059AB433}.Release|Any CPU.ActiveCfg = Release|Any CPU
		{211DDDBC-226F-437D-9476-A46B059AB433}.Release|Any CPU.Build.0 = Release|Any CPU
	EndGlobalSection
	GlobalSection(SolutionProperties) = preSolution
		HideSolutionNode = FALSE
	EndGlobalSection
	GlobalSection(ExtensibilityGlobals) = postSolution
		SolutionGuid = {D32FF0F6-64AE-4D55-A396-4FFD76174704}
	EndGlobalSection
EndGlobal
